
Microsoft Visual Studio Solution File, Format Version 12.00
# Visual Studio 15
VisualStudioVersion = 15.0.28307.1738
MinimumVisualStudioVersion = 10.0.40219.1
Project("{FAE04EC0-301F-11D3-BF4B-00C04F79EFBC}") = "DxLibProjectPackage", "DxLibProjectPackage\DxLibProjectPackage.csproj", "{AAB2ADBF-0CEB-45D0-A27B-F92381B6B71E}"
EndProject
Project("{FAE04EC0-301F-11D3-BF4B-00C04F79EFBC}") = "DxLibProjectTemplate", "DxLibProjectTemplate\DxLibProjectTemplate.csproj", "{4155B662-ECFC-404F-86CC-537E13304062}"
EndProject
Project("{FAE04EC0-301F-11D3-BF4B-00C04F79EFBC}") = "DxLibCSharpProjectTemplate", "DxLibCSharpProjectTemplate\DxLibCSharpProjectTemplate.csproj", "{B2B2F23D-483E-4AC7-B991-8A6E5D4F4B63}"
EndProject
Project("{FAE04EC0-301F-11D3-BF4B-00C04F79EFBC}") = "DxLibCSharpProjectPackage", "DxLibCSharpProjectPackage\DxLibCSharpProjectPackage.csproj", "{072149C4-AAC9-4A72-B0C4-367D1741CD85}"
EndProject
Global
	GlobalSection(SolutionConfigurationPlatforms) = preSolution
		Debug|Any CPU = Debug|Any CPU
		Release|Any CPU = Release|Any CPU
	EndGlobalSection
	GlobalSection(ProjectConfigurationPlatforms) = postSolution
		{AAB2ADBF-0CEB-45D0-A27B-F92381B6B71E}.Debug|Any CPU.ActiveCfg = Debug|Any CPU
		{AAB2ADBF-0CEB-45D0-A27B-F92381B6B71E}.Debug|Any CPU.Build.0 = Debug|Any CPU
		{AAB2ADBF-0CEB-45D0-A27B-F92381B6B71E}.Release|Any CPU.ActiveCfg = Release|Any CPU
		{AAB2ADBF-0CEB-45D0-A27B-F92381B6B71E}.Release|Any CPU.Build.0 = Release|Any CPU
		{4155B662-ECFC-404F-86CC-537E13304062}.Debug|Any CPU.ActiveCfg = Debug|Any CPU
		{4155B662-ECFC-404F-86CC-537E13304062}.Debug|Any CPU.Build.0 = Debug|Any CPU
		{4155B662-ECFC-404F-86CC-537E13304062}.Release|Any CPU.ActiveCfg = Release|Any CPU
		{4155B662-ECFC-404F-86CC-537E13304062}.Release|Any CPU.Build.0 = Release|Any CPU
		{B2B2F23D-483E-4AC7-B991-8A6E5D4F4B63}.Debug|Any CPU.ActiveCfg = Debug|Any CPU
		{B2B2F23D-483E-4AC7-B991-8A6E5D4F4B63}.Debug|Any CPU.Build.0 = Debug|Any CPU
		{B2B2F23D-483E-4AC7-B991-8A6E5D4F4B63}.Release|Any CPU.ActiveCfg = Release|Any CPU
		{B2B2F23D-483E-4AC7-B991-8A6E5D4F4B63}.Release|Any CPU.Build.0 = Release|Any CPU
		{072149C4-AAC9-4A72-B0C4-367D1741CD85}.Debug|Any CPU.ActiveCfg = Debug|Any CPU
		{072149C4-AAC9-4A72-B0C4-367D1741CD85}.Debug|Any CPU.Build.0 = Debug|Any CPU
		{072149C4-AAC9-4A72-B0C4-367D1741CD85}.Release|Any CPU.ActiveCfg = Release|Any CPU
		{072149C4-AAC9-4A72-B0C4-367D1741CD85}.Release|Any CPU.Build.0 = Release|Any CPU
	EndGlobalSection
	GlobalSection(SolutionProperties) = preSolution
		HideSolutionNode = FALSE
	EndGlobalSection
	GlobalSection(ExtensibilityGlobals) = postSolution
		SolutionGuid = {45FD9C5D-457E-4108-8C12-DAFB2BFC4A9E}
	EndGlobalSection
EndGlobal
